{
  "name": "hide-in-pixel",
  "version": "1.0.0",
  "lockfileVersion": 1,
  "requires": true,
  "dependencies": {
    "bmp-js": {
      "version": "0.0.3",
      "resolved": "https://registry.npmjs.org/bmp-js/-/bmp-js-0.0.3.tgz",
      "integrity": "sha1-ZBE+nHzxICs3btYHvzBibr5XsYo="
    },
    "minimist": {
      "version": "1.2.0",
      "resolved": "https://registry.npmjs.org/minimist/-/minimist-1.2.0.tgz",
      "integrity": "sha1-o1AIsg9BOD7sH7kU9M1d95omQoQ="
    }
  }
}
